
Microsoft Visual Studio Solution File, Format Version 12.00
# Visual Studio Version 16
VisualStudioVersion = 16.0.28711.60
MinimumVisualStudioVersion = 10.0.40219.1
Project("{9A19103F-16F7-4668-BE54-9A1E7A4F7556}") = "WebRandomizer", "WebRandomizer\WebRandomizer.csproj", "{D9B11803-4841-4C84-BCE6-069D3DF579C9}"
EndProject
Project("{9A19103F-16F7-4668-BE54-9A1E7A4F7556}") = "Randomizer.Shared", "Randomizer.Contracts\Randomizer.Shared.csproj", "{6FC97209-C8F2-4F39-8F03-EAADEB33F092}"
EndProject
Project("{9A19103F-16F7-4668-BE54-9A1E7A4F7556}") = "Randomizer.SuperMetroid", "Randomizer.SuperMetroid\Randomizer.SuperMetroid.csproj", "{49C7747D-045A-4CC1-BEAA-526C53C89202}"
EndProject
Project("{9A19103F-16F7-4668-BE54-9A1E7A4F7556}") = "Randomizer.CLI", "Randomizer.CLI\Randomizer.CLI.csproj", "{E2F265D8-9953-4891-A27D-077F8509AFB1}"
EndProject
Project("{9A19103F-16F7-4668-BE54-9A1E7A4F7556}") = "Randomizer.SMZ3", "Randomizer.SMZ3\Randomizer.SMZ3.csproj", "{8E3DCE4A-6C25-4397-8F5E-CB3A205A7F4A}"
EndProject
Project("{9A19103F-16F7-4668-BE54-9A1E7A4F7556}") = "Randomizer.SMZ3.Tests", "Randomizer.SMZ3.Tests\Randomizer.SMZ3.Tests.csproj", "{C1FFF084-0ADD-44B0-A5AE-E1B5F88749BA}"
EndProject
Project("{FAE04EC0-301F-11D3-BF4B-00C04F79EFBC}") = "WebGameService", "WebGameService\WebGameService.csproj", "{A2316911-7424-4835-BD58-B630F4461060}"
EndProject
Global
	GlobalSection(SolutionConfigurationPlatforms) = preSolution
		Debug|Any CPU = Debug|Any CPU
		Release|Any CPU = Release|Any CPU
	EndGlobalSection
	GlobalSection(ProjectConfigurationPlatforms) = postSolution
		{D9B11803-4841-4C84-BCE6-069D3DF579C9}.Debug|Any CPU.ActiveCfg = Debug|Any CPU
		{D9B11803-4841-4C84-BCE6-069D3DF579C9}.Debug|Any CPU.Build.0 = Debug|Any CPU
		{D9B11803-4841-4C84-BCE6-069D3DF579C9}.Release|Any CPU.ActiveCfg = Release|Any CPU
		{D9B11803-4841-4C84-BCE6-069D3DF579C9}.Release|Any CPU.Build.0 = Release|Any CPU
		{6FC97209-C8F2-4F39-8F03-EAADEB33F092}.Debug|Any CPU.ActiveCfg = Debug|Any CPU
		{6FC97209-C8F2-4F39-8F03-EAADEB33F092}.Debug|Any CPU.Build.0 = Debug|Any CPU
		{6FC97209-C8F2-4F39-8F03-EAADEB33F092}.Release|Any CPU.ActiveCfg = Release|Any CPU
		{6FC97209-C8F2-4F39-8F03-EAADEB33F092}.Release|Any CPU.Build.0 = Release|Any CPU
		{49C7747D-045A-4CC1-BEAA-526C53C89202}.Debug|Any CPU.ActiveCfg = Debug|Any CPU
		{49C7747D-045A-4CC1-BEAA-526C53C89202}.Debug|Any CPU.Build.0 = Debug|Any CPU
		{49C7747D-045A-4CC1-BEAA-526C53C89202}.Release|Any CPU.ActiveCfg = Release|Any CPU
		{49C7747D-045A-4CC1-BEAA-526C53C89202}.Release|Any CPU.Build.0 = Release|Any CPU
		{E2F265D8-9953-4891-A27D-077F8509AFB1}.Debug|Any CPU.ActiveCfg = Debug|Any CPU
		{E2F265D8-9953-4891-A27D-077F8509AFB1}.Debug|Any CPU.Build.0 = Debug|Any CPU
		{E2F265D8-9953-4891-A27D-077F8509AFB1}.Release|Any CPU.ActiveCfg = Release|Any CPU
		{E2F265D8-9953-4891-A27D-077F8509AFB1}.Release|Any CPU.Build.0 = Release|Any CPU
		{8E3DCE4A-6C25-4397-8F5E-CB3A205A7F4A}.Debug|Any CPU.ActiveCfg = Debug|Any CPU
		{8E3DCE4A-6C25-4397-8F5E-CB3A205A7F4A}.Debug|Any CPU.Build.0 = Debug|Any CPU
		{8E3DCE4A-6C25-4397-8F5E-CB3A205A7F4A}.Release|Any CPU.ActiveCfg = Release|Any CPU
		{8E3DCE4A-6C25-4397-8F5E-CB3A205A7F4A}.Release|Any CPU.Build.0 = Release|Any CPU
		{C1FFF084-0ADD-44B0-A5AE-E1B5F88749BA}.Debug|Any CPU.ActiveCfg = Debug|Any CPU
		{C1FFF084-0ADD-44B0-A5AE-E1B5F88749BA}.Debug|Any CPU.Build.0 = Debug|Any CPU
		{C1FFF084-0ADD-44B0-A5AE-E1B5F88749BA}.Release|Any CPU.ActiveCfg = Release|Any CPU
		{C1FFF084-0ADD-44B0-A5AE-E1B5F88749BA}.Release|Any CPU.Build.0 = Release|Any CPU
		{A2316911-7424-4835-BD58-B630F4461060}.Debug|Any CPU.ActiveCfg = Debug|Any CPU
		{A2316911-7424-4835-BD58-B630F4461060}.Debug|Any CPU.Build.0 = Debug|Any CPU
		{A2316911-7424-4835-BD58-B630F4461060}.Release|Any CPU.ActiveCfg = Release|Any CPU
		{A2316911-7424-4835-BD58-B630F4461060}.Release|Any CPU.Build.0 = Release|Any CPU
	EndGlobalSection
	GlobalSection(SolutionProperties) = preSolution
		HideSolutionNode = FALSE
	EndGlobalSection
	GlobalSection(ExtensibilityGlobals) = postSolution
		SolutionGuid = {2380A2BF-1821-4E24-BEC5-D4DA5ED15555}
	EndGlobalSection
EndGlobal
